schema: '2.0'
stages:
  cleaning:
    cmd: python src/cleaning.py
    deps:
    - path: data/seismic_slice.npy
      hash: md5
      md5: b89efbbc51b4003adb9191a9bcde8951
      size: 9314720
    - path: data/seismic_slice_GT.npy
      hash: md5
      md5: 038bcf2c0c0e0e836e140cbe9350bedd
      size: 9314720
    - path: data/sim_slice.npy
      hash: md5
      md5: c5755d17e2985bfcb90731e71f6b2e47
      size: 70112
    - path: src/cleaning.py
      hash: md5
      md5: 83e36a506ea95c6932ac904dee80dfcb
      size: 1069
    outs:
    - path: outputs/seismic_slice_GT_clean.npy
      hash: md5
      md5: 038bcf2c0c0e0e836e140cbe9350bedd
      size: 9314720
    - path: outputs/seismic_slice_clean.npy
      hash: md5
      md5: 5b0fec0bf1887e366641f70ee2331510
      size: 9314720
    - path: outputs/sim_clean.npy
      hash: md5
      md5: a1708ba6bf248dbd4990063fd5c9377c
      size: 70112
  training:
    cmd: python src/training.py
    deps:
    - path: outputs/sim_clean.npy
      hash: md5
      md5: a1708ba6bf248dbd4990063fd5c9377c
      size: 70112
    - path: src/training.py
      hash: md5
      md5: 12ae33f7c6dd1d1d12b5f1f41ab90473
      size: 1181
    outs:
    - path: outputs/X.npy
      hash: md5
      md5: fca0688ce60ad3e490807a904cb1fede
      size: 52616
    - path: outputs/model.pkl
      hash: md5
      md5: 5917bd30c197f6221e02aab7079bb61b
      size: 21623425
    - path: outputs/y.npy
      hash: md5
      md5: d6c61a3e4819d8475fe3743553bc0ef1
      size: 17624
  inference:
    cmd: python src/inference.py
    deps:
    - path: outputs/best_model_pycaret.pkl
      hash: md5
      md5: e21c59c883eb5cc7520feac9184c9516
      size: 13042312
    - path: outputs/seismic_slice_clean.npy
      hash: md5
      md5: 5b0fec0bf1887e366641f70ee2331510
      size: 9314720
    - path: src/inference.py
      hash: md5
      md5: b7deed14bfe65b836d3be8cd387e9fa4
      size: 2666
    outs:
    - path: outputs/seis_estimated.npy
      hash: md5
      md5: f48cf5c45f2918f551e985df996964e9
      size: 9314720
  evaluation:
    cmd: python src/evaluation.py
    deps:
    - path: outputs/seis_estimated.npy
      hash: md5
      md5: f48cf5c45f2918f551e985df996964e9
      size: 9314720
    - path: outputs/seismic_slice_GT_clean.npy
      hash: md5
      md5: 038bcf2c0c0e0e836e140cbe9350bedd
      size: 9314720
    - path: src/evaluation.py
      hash: md5
      md5: 7a434bdb161fb0c15a0282b0dcfadb56
      size: 1299
    outs:
    - path: outputs/residuos.npy
      hash: md5
      md5: 716028e2e22ea89862d19c2802d11de1
      size: 9314720
  training_automl:
    cmd: python src/training_automl.py
    deps:
    - path: outputs/sim_clean.npy
      hash: md5
      md5: a1708ba6bf248dbd4990063fd5c9377c
      size: 70112
    - path: src/training_automl.py
      hash: md5
      md5: fd6db298e501599c6c83222bc0808721
      size: 1720
    outs:
    - path: outputs/X.npy
      hash: md5
      md5: 71f7ce231d973f5b1d1f732fa4e96bd1
      size: 26372
    - path: outputs/best_model_pycaret.pkl
      hash: md5
      md5: e21c59c883eb5cc7520feac9184c9516
      size: 13042312
    - path: outputs/y.npy
      hash: md5
      md5: 98d94c1541e89d9657db431e4c80b02a
      size: 8876
